
Microsoft Visual Studio Solution File, Format Version 12.00
# Visual Studio Version 17
VisualStudioVersion = 17.4.33213.308
MinimumVisualStudioVersion = 10.0.40219.1
Project("{FAE04EC0-301F-11D3-BF4B-00C04F79EFBC}") = "AbstractAnimalClass", "AbstractAnimalClass\AbstractAnimalClass.csproj", "{2A5386EF-89E9-4337-A4BF-E786CB071FEB}"
EndProject
Global
	GlobalSection(SolutionConfigurationPlatforms) = preSolution
		Debug|Any CPU = Debug|Any CPU
		Release|Any CPU = Release|Any CPU
	EndGlobalSection
	GlobalSection(ProjectConfigurationPlatforms) = postSolution
		{2A5386EF-89E9-4337-A4BF-E786CB071FEB}.Debug|Any CPU.ActiveCfg = Debug|Any CPU
		{2A5386EF-89E9-4337-A4BF-E786CB071FEB}.Debug|Any CPU.Build.0 = Debug|Any CPU
		{2A5386EF-89E9-4337-A4BF-E786CB071FEB}.Release|Any CPU.ActiveCfg = Release|Any CPU
		{2A5386EF-89E9-4337-A4BF-E786CB071FEB}.Release|Any CPU.Build.0 = Release|Any CPU
	EndGlobalSection
	GlobalSection(SolutionProperties) = preSolution
		HideSolutionNode = FALSE
	EndGlobalSection
	GlobalSection(ExtensibilityGlobals) = postSolution
		SolutionGuid = {B4F8674F-2769-4957-96D7-997163E34CC1}
	EndGlobalSection
EndGlobal
